
Microsoft Visual Studio Solution File, Format Version 12.00
# Visual Studio Version 16
VisualStudioVersion = 16.0.29230.47
MinimumVisualStudioVersion = 10.0.40219.1
Project("{FAE04EC0-301F-11D3-BF4B-00C04F79EFBC}") = "Shop", "Shop\Shop.csproj", "{ECCFD44D-5104-4C14-A419-D405A33B7768}"
EndProject
Global
	GlobalSection(SolutionConfigurationPlatforms) = preSolution
		Debug|Any CPU = Debug|Any CPU
		Release|Any CPU = Release|Any CPU
	EndGlobalSection
	GlobalSection(ProjectConfigurationPlatforms) = postSolution
		{ECCFD44D-5104-4C14-A419-D405A33B7768}.Debug|Any CPU.ActiveCfg = Debug|Any CPU
		{ECCFD44D-5104-4C14-A419-D405A33B7768}.Debug|Any CPU.Build.0 = Debug|Any CPU
		{ECCFD44D-5104-4C14-A419-D405A33B7768}.Release|Any CPU.ActiveCfg = Release|Any CPU
		{ECCFD44D-5104-4C14-A419-D405A33B7768}.Release|Any CPU.Build.0 = Release|Any CPU
	EndGlobalSection
	GlobalSection(SolutionProperties) = preSolution
		HideSolutionNode = FALSE
	EndGlobalSection
	GlobalSection(ExtensibilityGlobals) = postSolution
		SolutionGuid = {415D5EB5-CE71-43FB-908C-723CFA46CD5B}
	EndGlobalSection
EndGlobal
